version = 1
revision = 3
requires-python = ">=3.14"

[manifest]
members = [
    "simpletftps",
    "simpletftps-py-test",
]

[[package]]
name = "colorama"
version = "0.4.6"
source = { registry = "https://pypi.org/simple" }
sdist = { url = "https://files.pythonhosted.org/packages/d8/53/6f443c9a4a8358a93a6792e2acffb9d9d5cb0a5cfd8802644b7b1c9a02e4/colorama-0.4.6.tar.gz", hash = "sha256:08695f5cb7ed6e0531a20572697297273c47b8cae5a63ffc6d6ed5c201be6e44", size = 27697, upload-time = "2022-10-25T02:36:22.414Z" }
wheels = [
    { url = "https://files.pythonhosted.org/packages/d1/d6/3965ed04c63042e047cb6a3e6ed1a63a35087b6a609aa3a15ed8ac56c221/colorama-0.4.6-py2.py3-none-any.whl", hash = "sha256:4f1d9991f5acc0ca119f9d443620b77f9d6b33703e51011c16baf57afb285fc6", size = 25335, upload-time = "2022-10-25T02:36:20.889Z" },
]

[[package]]
name = "iniconfig"
version = "2.3.0"
source = { registry = "https://pypi.org/simple" }
sdist = { url = "https://files.pythonhosted.org/packages/72/34/14ca021ce8e5dfedc35312d08ba8bf51fdd999c576889fc2c24cb97f4f10/iniconfig-2.3.0.tar.gz", hash = "sha256:c76315c77db068650d49c5b56314774a7804df16fee4402c1f19d6d15d8c4730", size = 20503, upload-time = "2025-10-18T21:55:43.219Z" }
wheels = [
    { url = "https://files.pythonhosted.org/packages/cb/b1/3846dd7f199d53cb17f49cba7e651e9ce294d8497c8c150530ed11865bb8/iniconfig-2.3.0-py3-none-any.whl", hash = "sha256:f631c04d2c48c52b84d0d0549c99ff3859c98df65b3101406327ecc7d53fbf12", size = 7484, upload-time = "2025-10-18T21:55:41.639Z" },
]

[[package]]
name = "packaging"
version = "26.2"
source = { registry = "https://pypi.org/simple" }
sdist = { url = "https://files.pythonhosted.org/packages/d7/f1/e7a6dd94a8d4a5626c03e4e99c87f241ba9e350cd9e6d75123f992427270/packaging-26.2.tar.gz", hash = "sha256:ff452ff5a3e828ce110190feff1178bb1f2ea2281fa2075aadb987c2fb221661", size = 228134, upload-time = "2026-04-24T20:15:23.917Z" }
wheels = [
    { url = "https://files.pythonhosted.org/packages/df/b2/87e62e8c3e2f4b32e5fe99e0b86d576da1312593b39f47d8ceef365e95ed/packaging-26.2-py3-none-any.whl", hash = "sha256:5fc45236b9446107ff2415ce77c807cee2862cb6fac22b8a73826d0693b0980e", size = 100195, upload-time = "2026-04-24T20:15:22.081Z" },
]

[[package]]
name = "pluggy"
version = "1.6.0"
source = { registry = "https://pypi.org/simple" }
sdist = { url = "https://files.pythonhosted.org/packages/f9/e2/3e91f31a7d2b083fe6ef3fa267035b518369d9511ffab804f839851d2779/pluggy-1.6.0.tar.gz", hash = "sha256:7dcc130b76258d33b90f61b658791dede3486c3e6bfb003ee5c9bfb396dd22f3", size = 69412, upload-time = "2025-05-15T12:30:07.975Z" }
wheels = [
    { url = "https://files.pythonhosted.org/packages/54/20/4d324d65cc6d9205fabedc306948156824eb9f0ee1633355a8f7ec5c66bf/pluggy-1.6.0-py3-none-any.whl", hash = "sha256:e920276dd6813095e9377c0bc5566d94c932c33b27a3e3945d8389c374dd4746", size = 20538, upload-time = "2025-05-15T12:30:06.134Z" },
]

[[package]]
name = "pycurl"
version = "7.46.0"
source = { registry = "https://pypi.org/simple" }
sdist = { url = "https://files.pythonhosted.org/packages/95/23/cc07b16591af8ca373494d29aafc8df13e547077579e6779bb865a3f5a7f/pycurl-7.46.0.tar.gz", hash = "sha256:422ed7005b98768fe60fe6b6cb8bb6a4e1fc18b5433402e8fbdaba91811c4604", size = 284697, upload-time = "2026-04-30T03:13:56.309Z" }
wheels = [
    { url = "https://files.pythonhosted.org/packages/86/56/b8ddf7648cbb41c1234b65aca81fbd103745590ba2170413f6b741289e70/pycurl-7.46.0-cp314-cp314-macosx_10_15_x86_64.whl", hash = "sha256:8c550fbcb8b420e2934bf544bb4b68b397a043670c7e451d0590605e932a7538", size = 3669727, upload-time = "2026-04-30T03:13:29.938Z" },
    { url = "https://files.pythonhosted.org/packages/1a/c2/4d5eaae26e17a271d8e5f0b3c95707055ec5b8e63f13bbf37ab93fbb98e5/pycurl-7.46.0-cp314-cp314-macosx_11_0_arm64.whl", hash = "sha256:c9543d1b36d25cd3ab307282014b12d96a1dd414a736789fc1333641d37fcf4e", size = 3754257, upload-time = "2026-04-30T03:13:32.01Z" },
    { url = "https://files.pythonhosted.org/packages/b3/88/f0031c6971966813c8876750aebc6a8f2b1c1dc3f2b4799cc9616f9319a0/pycurl-7.46.0-cp314-cp314-manylinux_2_28_aarch64.whl", hash = "sha256:91a9191a817680827a27f7f22ebe0d0dff7b721c3839d90d94f9be8b657e8f48", size = 5392104, upload-time = "2026-04-30T03:13:33.904Z" },
    { url = "https://files.pythonhosted.org/packages/d0/b3/56a32607c7c87049e55ee2f3ba307035952c4d7f7d0a505f4dd7971a3433/pycurl-7.46.0-cp314-cp314-manylinux_2_28_x86_64.whl", hash = "sha256:a956d8cb66d0e428f6db34709ee2fe3009bbca638bd988ffe0c2e7b89ec5cf45", size = 5090213, upload-time = "2026-04-30T03:13:35.472Z" },
    { url = "https://files.pythonhosted.org/packages/6e/b8/bb5e4bed803fe991a87f990fc0289a46316c8bcdfc8ad8078eb338680d60/pycurl-7.46.0-cp314-cp314-win32.whl", hash = "sha256:135e4cd45f5412276b2fe23a2fbe772239a6c84685531e10c36a9b3c36b66fac", size = 2904353, upload-time = "2026-04-30T03:13:37.504Z" },
    { url = "https://files.pythonhosted.org/packages/2e/2a/0f71f9410f6a68ac4dc9993ae83b62cb5ea6a6382dbfdfaf3cf252ef2271/pycurl-7.46.0-cp314-cp314-win_amd64.whl", hash = "sha256:d9e8dd2975bc1a116618807ee040862a342593af28254c4cf4f8e7a450f73b3b", size = 3501791, upload-time = "2026-04-30T03:13:39.281Z" },
    { url = "https://files.pythonhosted.org/packages/e1/ed/7967fc6856cc0d8ac5576ff25f8cf04099cc21d56faf29c4b309546b9621/pycurl-7.46.0-cp314-cp314-win_arm64.whl", hash = "sha256:aa3fd3d61ce88430a5736664c60fddbc1ad6e205e6dfa660656ce460010c4b68", size = 3680641, upload-time = "2026-04-30T03:13:40.88Z" },
    { url = "https://files.pythonhosted.org/packages/a9/e1/d5057dc76527505934491408db79f8f129735c42b959bbfd78627e907b31/pycurl-7.46.0-cp314-cp314t-macosx_10_15_x86_64.whl", hash = "sha256:ff8ab2187bdb567f6e12cacc801767d2db4ae9e11462324881ed30aa20b7fbce", size = 3673677, upload-time = "2026-04-30T03:13:42.932Z" },
    { url = "https://files.pythonhosted.org/packages/d4/c4/6020bcaa08b5510090f79b3f0a9f42a033adf1a837ef92170b8c40eb37f4/pycurl-7.46.0-cp314-cp314t-macosx_11_0_arm64.whl", hash = "sha256:67ac5ccf58fa86dca672a5329fd71b9a1e8ac76fbf419b6f04a2b986deb24ca8", size = 3757650, upload-time = "2026-04-30T03:13:44.827Z" },
    { url = "https://files.pythonhosted.org/packages/15/08/6e89859236b6eb541fa80e9a77f1bcd726b6bee6f82677e07bfdf8687c8d/pycurl-7.46.0-cp314-cp314t-manylinux_2_28_aarch64.whl", hash = "sha256:daf8d0b9aa7828e0df8cf970d409aef689924a30cb4bc16b7ee62988b6ea4b30", size = 5476314, upload-time = "2026-04-30T03:13:46.934Z" },
    { url = "https://files.pythonhosted.org/packages/e8/59/48f7516dbf283fd244bdc8fdf9bc014b6191a257f891f1537d6add823fbd/pycurl-7.46.0-cp314-cp314t-manylinux_2_28_x86_64.whl", hash = "sha256:6a498e171b7a3cf2a6e92588e047aa6c58d2894b62f5df24b8f0af02f6d1d8b1", size = 5166833, upload-time = "2026-04-30T03:13:48.99Z" },
    { url = "https://files.pythonhosted.org/packages/b8/ef/af3510fe72cef867075f8abbce09623f5a154bef877503e9e6f9685f11e7/pycurl-7.46.0-cp314-cp314t-win32.whl", hash = "sha256:923318d2fe6010f67dcfe7c3d477b6ee7f3bf6a50f125bc84c7127e51fd4ffc9", size = 2913532, upload-time = "2026-04-30T03:13:50.843Z" },
    { url = "https://files.pythonhosted.org/packages/40/d9/2fa92f86285fbd6498ac35dfebedaaf1d51fddabb4d766d9d31c99bd3576/pycurl-7.46.0-cp314-cp314t-win_amd64.whl", hash = "sha256:3cb3cf96ccceff6e694b04134ce97e9b8cc9f4e4edfa1b5d0be68d30747c8e93", size = 3514989, upload-time = "2026-04-30T03:13:53.041Z" },
    { url = "https://files.pythonhosted.org/packages/66/ff/17eee2de079a377b3ce07cfb9323b875c6708b7eee087e88cc0fc420f4ff/pycurl-7.46.0-cp314-cp314t-win_arm64.whl", hash = "sha256:a80797ef6e3879a16c53f29280f7662c22a927be6ba8bf81d24ba02ec8239fbe", size = 3684866, upload-time = "2026-04-30T03:13:54.856Z" },
]

[[package]]
name = "pygments"
version = "2.20.0"
source = { registry = "https://pypi.org/simple" }
sdist = { url = "https://files.pythonhosted.org/packages/c3/b2/bc9c9196916376152d655522fdcebac55e66de6603a76a02bca1b6414f6c/pygments-2.20.0.tar.gz", hash = "sha256:6757cd03768053ff99f3039c1a36d6c0aa0b263438fcab17520b30a303a82b5f", size = 4955991, upload-time = "2026-03-29T13:29:33.898Z" }
wheels = [
    { url = "https://files.pythonhosted.org/packages/f4/7e/a72dd26f3b0f4f2bf1dd8923c85f7ceb43172af56d63c7383eb62b332364/pygments-2.20.0-py3-none-any.whl", hash = "sha256:81a9e26dd42fd28a23a2d169d86d7ac03b46e2f8b59ed4698fb4785f946d0176", size = 1231151, upload-time = "2026-03-29T13:29:30.038Z" },
]

[[package]]
name = "pytest"
version = "9.0.3"
source = { registry = "https://pypi.org/simple" }
dependencies = [
    { name = "colorama", marker = "sys_platform == 'win32'" },
    { name = "iniconfig" },
    { name = "packaging" },
    { name = "pluggy" },
    { name = "pygments" },
]
sdist = { url = "https://files.pythonhosted.org/packages/7d/0d/549bd94f1a0a402dc8cf64563a117c0f3765662e2e668477624baeec44d5/pytest-9.0.3.tar.gz", hash = "sha256:b86ada508af81d19edeb213c681b1d48246c1a91d304c6c81a427674c17eb91c", size = 1572165, upload-time = "2026-04-07T17:16:18.027Z" }
wheels = [
    { url = "https://files.pythonhosted.org/packages/d4/24/a372aaf5c9b7208e7112038812994107bc65a84cd00e0354a88c2c77a617/pytest-9.0.3-py3-none-any.whl", hash = "sha256:2c5efc453d45394fdd706ade797c0a81091eccd1d6e4bccfcd476e2b8e0ab5d9", size = 375249, upload-time = "2026-04-07T17:16:16.13Z" },
]

[[package]]
name = "simpletftps"
version = "0.1.0"
source = { editable = "." }
dependencies = [
    { name = "pycurl" },
    { name = "pytest" },
]

[package.metadata]
requires-dist = [
    { name = "pycurl", specifier = ">=7.46.0" },
    { name = "pytest", specifier = ">=9.0.3" },
]

[[package]]
name = "simpletftps-py-test"
version = "0.1.0"
source = { virtual = "tests/python" }
dependencies = [
    { name = "pycurl" },
    { name = "pytest" },
]

[package.metadata]
requires-dist = [
    { name = "pycurl", specifier = ">=7.46.0" },
    { name = "pytest", specifier = ">=9.0.3" },
]
